
Microsoft Visual Studio Solution File, Format Version 12.00
# Visual Studio Version 17
VisualStudioVersion = 17.5.002.0
MinimumVisualStudioVersion = 10.0.40219.1
Project("{9A19103F-16F7-4668-BE54-9A1E7A4F7556}") = "Atividade", "Atividade\Atividade.csproj", "{AA23EB0A-2D8D-4882-8AFA-96B57A1BF2B1}"
EndProject
Global
	GlobalSection(SolutionConfigurationPlatforms) = preSolution
		Debug|Any CPU = Debug|Any CPU
		Release|Any CPU = Release|Any CPU
	EndGlobalSection
	GlobalSection(ProjectConfigurationPlatforms) = postSolution
		{AA23EB0A-2D8D-4882-8AFA-96B57A1BF2B1}.Debug|Any CPU.ActiveCfg = Debug|Any CPU
		{AA23EB0A-2D8D-4882-8AFA-96B57A1BF2B1}.Debug|Any CPU.Build.0 = Debug|Any CPU
		{AA23EB0A-2D8D-4882-8AFA-96B57A1BF2B1}.Release|Any CPU.ActiveCfg = Release|Any CPU
		{AA23EB0A-2D8D-4882-8AFA-96B57A1BF2B1}.Release|Any CPU.Build.0 = Release|Any CPU
	EndGlobalSection
	GlobalSection(SolutionProperties) = preSolution
		HideSolutionNode = FALSE
	EndGlobalSection
	GlobalSection(ExtensibilityGlobals) = postSolution
		SolutionGuid = {5EE357DE-2623-47F1-B225-BA3518E0DCC7}
	EndGlobalSection
EndGlobal
