
Microsoft Visual Studio Solution File, Format Version 12.00
# Visual Studio Version 17
VisualStudioVersion = 17.5.002.0
MinimumVisualStudioVersion = 10.0.40219.1
Project("{9A19103F-16F7-4668-BE54-9A1E7A4F7556}") = "ProjetoLista", "ProjetoLista.csproj", "{FB47123D-571E-41F5-9426-BBE6EFAB5618}"
EndProject
Global
	GlobalSection(SolutionConfigurationPlatforms) = preSolution
		Debug|Any CPU = Debug|Any CPU
		Release|Any CPU = Release|Any CPU
	EndGlobalSection
	GlobalSection(ProjectConfigurationPlatforms) = postSolution
		{FB47123D-571E-41F5-9426-BBE6EFAB5618}.Debug|Any CPU.ActiveCfg = Debug|Any CPU
		{FB47123D-571E-41F5-9426-BBE6EFAB5618}.Debug|Any CPU.Build.0 = Debug|Any CPU
		{FB47123D-571E-41F5-9426-BBE6EFAB5618}.Release|Any CPU.ActiveCfg = Release|Any CPU
		{FB47123D-571E-41F5-9426-BBE6EFAB5618}.Release|Any CPU.Build.0 = Release|Any CPU
	EndGlobalSection
	GlobalSection(SolutionProperties) = preSolution
		HideSolutionNode = FALSE
	EndGlobalSection
	GlobalSection(ExtensibilityGlobals) = postSolution
		SolutionGuid = {1628ECB9-C304-481F-9E7D-9B5A5128E667}
	EndGlobalSection
EndGlobal
